
Microsoft Visual Studio Solution File, Format Version 11.00
# Visual Studio 2010
Project("{FAE04EC0-301F-11D3-BF4B-00C04F79EFBC}") = "IBDoeService", "IBDoeService.csproj", "{44456427-C323-499E-806E-CD1835A0FF22}"
EndProject
Global
	GlobalSection(SolutionConfigurationPlatforms) = preSolution
		Debug|Any CPU = Debug|Any CPU
		Release|Any CPU = Release|Any CPU
	EndGlobalSection
	GlobalSection(ProjectConfigurationPlatforms) = postSolution
		{44456427-C323-499E-806E-CD1835A0FF22}.Debug|Any CPU.ActiveCfg = Debug|Any CPU
		{44456427-C323-499E-806E-CD1835A0FF22}.Debug|Any CPU.Build.0 = Debug|Any CPU
		{44456427-C323-499E-806E-CD1835A0FF22}.Release|Any CPU.ActiveCfg = Release|Any CPU
		{44456427-C323-499E-806E-CD1835A0FF22}.Release|Any CPU.Build.0 = Release|Any CPU
	EndGlobalSection
	GlobalSection(SolutionProperties) = preSolution
		HideSolutionNode = FALSE
	EndGlobalSection
EndGlobal
